
Microsoft Visual Studio Solution File, Format Version 12.00
# Visual Studio 15
VisualStudioVersion = 15.0.28307.645
MinimumVisualStudioVersion = 10.0.40219.1
Project("{FAE04EC0-301F-11D3-BF4B-00C04F79EFBC}") = "HtmlParser", "HtmlParser.csproj", "{281C6511-C466-4BB0-B541-EB63773E8847}"
EndProject
Global
	GlobalSection(SolutionConfigurationPlatforms) = preSolution
		Debug|Any CPU = Debug|Any CPU
		Release|Any CPU = Release|Any CPU
	EndGlobalSection
	GlobalSection(ProjectConfigurationPlatforms) = postSolution
		{281C6511-C466-4BB0-B541-EB63773E8847}.Debug|Any CPU.ActiveCfg = Debug|Any CPU
		{281C6511-C466-4BB0-B541-EB63773E8847}.Debug|Any CPU.Build.0 = Debug|Any CPU
		{281C6511-C466-4BB0-B541-EB63773E8847}.Release|Any CPU.ActiveCfg = Release|Any CPU
		{281C6511-C466-4BB0-B541-EB63773E8847}.Release|Any CPU.Build.0 = Release|Any CPU
	EndGlobalSection
	GlobalSection(SolutionProperties) = preSolution
		HideSolutionNode = FALSE
	EndGlobalSection
	GlobalSection(ExtensibilityGlobals) = postSolution
		SolutionGuid = {5C3D681C-7AF4-4099-8C08-096652E9E7C9}
	EndGlobalSection
EndGlobal
